
Microsoft Visual Studio Solution File, Format Version 12.00
# Visual Studio Version 17
VisualStudioVersion = 17.4.33103.184
MinimumVisualStudioVersion = 10.0.40219.1
Project("{9A19103F-16F7-4668-BE54-9A1E7A4F7556}") = "UI", "UI\UI.csproj", "{5045A353-7689-47EB-BDA6-1F2158CDF4C5}"
EndProject
Project("{2150E333-8FDC-42A3-9474-1A3956D46DE8}") = "Presentation", "Presentation", "{6D92ACE7-DC14-47D2-9762-924A30B29F12}"
EndProject
Project("{9A19103F-16F7-4668-BE54-9A1E7A4F7556}") = "API", "API\API.csproj", "{42171E6E-464D-40BD-8D57-6B9295770815}"
EndProject
Project("{2150E333-8FDC-42A3-9474-1A3956D46DE8}") = "Business", "Business", "{C263BA6A-8DE7-4553-93C5-08B61A8BDA99}"
EndProject
Project("{9A19103F-16F7-4668-BE54-9A1E7A4F7556}") = "Abstraction.Service", "Repository\Abstraction.Service.csproj", "{430D0EC8-A4F5-4713-B16E-4D78BDDEB91C}"
EndProject
Project("{9A19103F-16F7-4668-BE54-9A1E7A4F7556}") = "Service", "Service\Service.csproj", "{CE9C8894-6008-4787-B339-A0B682BA05D4}"
EndProject
Project("{2150E333-8FDC-42A3-9474-1A3956D46DE8}") = "Entity", "Entity", "{DE0C5B79-1FBC-41DA-8477-38BEA5BA44B1}"
EndProject
Project("{9A19103F-16F7-4668-BE54-9A1E7A4F7556}") = "Domain", "Domain\Domain.csproj", "{D85298B8-1A7A-4A04-A783-0980EBADC00F}"
EndProject
Project("{2150E333-8FDC-42A3-9474-1A3956D46DE8}") = "DataAccess", "DataAccess", "{93F3A6B6-C631-4124-B9B7-455D5F86FBDE}"
EndProject
Project("{9A19103F-16F7-4668-BE54-9A1E7A4F7556}") = "Dto", "Dto\Dto.csproj", "{634FAA85-F752-4B79-AEBD-DC32138C517B}"
EndProject
Project("{9A19103F-16F7-4668-BE54-9A1E7A4F7556}") = "DataAccess", "DataAccess\DataAccess.csproj", "{3824FF1C-CC3F-40B0-96E2-FDD4EA267170}"
EndProject
Global
	GlobalSection(SolutionConfigurationPlatforms) = preSolution
		Debug|Any CPU = Debug|Any CPU
		Release|Any CPU = Release|Any CPU
	EndGlobalSection
	GlobalSection(ProjectConfigurationPlatforms) = postSolution
		{5045A353-7689-47EB-BDA6-1F2158CDF4C5}.Debug|Any CPU.ActiveCfg = Debug|Any CPU
		{5045A353-7689-47EB-BDA6-1F2158CDF4C5}.Debug|Any CPU.Build.0 = Debug|Any CPU
		{5045A353-7689-47EB-BDA6-1F2158CDF4C5}.Release|Any CPU.ActiveCfg = Release|Any CPU
		{5045A353-7689-47EB-BDA6-1F2158CDF4C5}.Release|Any CPU.Build.0 = Release|Any CPU
		{42171E6E-464D-40BD-8D57-6B9295770815}.Debug|Any CPU.ActiveCfg = Debug|Any CPU
		{42171E6E-464D-40BD-8D57-6B9295770815}.Debug|Any CPU.Build.0 = Debug|Any CPU
		{42171E6E-464D-40BD-8D57-6B9295770815}.Release|Any CPU.ActiveCfg = Release|Any CPU
		{42171E6E-464D-40BD-8D57-6B9295770815}.Release|Any CPU.Build.0 = Release|Any CPU
		{430D0EC8-A4F5-4713-B16E-4D78BDDEB91C}.Debug|Any CPU.ActiveCfg = Debug|Any CPU
		{430D0EC8-A4F5-4713-B16E-4D78BDDEB91C}.Debug|Any CPU.Build.0 = Debug|Any CPU
		{430D0EC8-A4F5-4713-B16E-4D78BDDEB91C}.Release|Any CPU.ActiveCfg = Release|Any CPU
		{430D0EC8-A4F5-4713-B16E-4D78BDDEB91C}.Release|Any CPU.Build.0 = Release|Any CPU
		{CE9C8894-6008-4787-B339-A0B682BA05D4}.Debug|Any CPU.ActiveCfg = Debug|Any CPU
		{CE9C8894-6008-4787-B339-A0B682BA05D4}.Debug|Any CPU.Build.0 = Debug|Any CPU
		{CE9C8894-6008-4787-B339-A0B682BA05D4}.Release|Any CPU.ActiveCfg = Release|Any CPU
		{CE9C8894-6008-4787-B339-A0B682BA05D4}.Release|Any CPU.Build.0 = Release|Any CPU
		{D85298B8-1A7A-4A04-A783-0980EBADC00F}.Debug|Any CPU.ActiveCfg = Debug|Any CPU
		{D85298B8-1A7A-4A04-A783-0980EBADC00F}.Debug|Any CPU.Build.0 = Debug|Any CPU
		{D85298B8-1A7A-4A04-A783-0980EBADC00F}.Release|Any CPU.ActiveCfg = Release|Any CPU
		{D85298B8-1A7A-4A04-A783-0980EBADC00F}.Release|Any CPU.Build.0 = Release|Any CPU
		{634FAA85-F752-4B79-AEBD-DC32138C517B}.Debug|Any CPU.ActiveCfg = Debug|Any CPU
		{634FAA85-F752-4B79-AEBD-DC32138C517B}.Debug|Any CPU.Build.0 = Debug|Any CPU
		{634FAA85-F752-4B79-AEBD-DC32138C517B}.Release|Any CPU.ActiveCfg = Release|Any CPU
		{634FAA85-F752-4B79-AEBD-DC32138C517B}.Release|Any CPU.Build.0 = Release|Any CPU
		{3824FF1C-CC3F-40B0-96E2-FDD4EA267170}.Debug|Any CPU.ActiveCfg = Debug|Any CPU
		{3824FF1C-CC3F-40B0-96E2-FDD4EA267170}.Debug|Any CPU.Build.0 = Debug|Any CPU
		{3824FF1C-CC3F-40B0-96E2-FDD4EA267170}.Release|Any CPU.ActiveCfg = Release|Any CPU
		{3824FF1C-CC3F-40B0-96E2-FDD4EA267170}.Release|Any CPU.Build.0 = Release|Any CPU
	EndGlobalSection
	GlobalSection(SolutionProperties) = preSolution
		HideSolutionNode = FALSE
	EndGlobalSection
	GlobalSection(NestedProjects) = preSolution
		{5045A353-7689-47EB-BDA6-1F2158CDF4C5} = {6D92ACE7-DC14-47D2-9762-924A30B29F12}
		{42171E6E-464D-40BD-8D57-6B9295770815} = {6D92ACE7-DC14-47D2-9762-924A30B29F12}
		{430D0EC8-A4F5-4713-B16E-4D78BDDEB91C} = {C263BA6A-8DE7-4553-93C5-08B61A8BDA99}
		{CE9C8894-6008-4787-B339-A0B682BA05D4} = {C263BA6A-8DE7-4553-93C5-08B61A8BDA99}
		{D85298B8-1A7A-4A04-A783-0980EBADC00F} = {DE0C5B79-1FBC-41DA-8477-38BEA5BA44B1}
		{634FAA85-F752-4B79-AEBD-DC32138C517B} = {DE0C5B79-1FBC-41DA-8477-38BEA5BA44B1}
		{3824FF1C-CC3F-40B0-96E2-FDD4EA267170} = {93F3A6B6-C631-4124-B9B7-455D5F86FBDE}
	EndGlobalSection
	GlobalSection(ExtensibilityGlobals) = postSolution
		SolutionGuid = {3926C362-D321-4840-9C3C-BA71AB801F07}
	EndGlobalSection
EndGlobal
